
Microsoft Visual Studio Solution File, Format Version 12.00
# Visual Studio Version 16
VisualStudioVersion = 16.0.29209.62
MinimumVisualStudioVersion = 10.0.40219.1
Project("{888888A0-9F3D-457C-B088-3A5042F75D52}") = "MicroGrannyOrganicer", "MicroGrannyOrganizer\MicroGrannyOrganicer.pyproj", "{C16DDE0E-79A2-4BDE-BFD2-26A0CA54A7D1}"
EndProject
Global
	GlobalSection(SolutionConfigurationPlatforms) = preSolution
		Debug|Any CPU = Debug|Any CPU
		Release|Any CPU = Release|Any CPU
	EndGlobalSection
	GlobalSection(ProjectConfigurationPlatforms) = postSolution
		{C16DDE0E-79A2-4BDE-BFD2-26A0CA54A7D1}.Debug|Any CPU.ActiveCfg = Debug|Any CPU
		{C16DDE0E-79A2-4BDE-BFD2-26A0CA54A7D1}.Release|Any CPU.ActiveCfg = Release|Any CPU
	EndGlobalSection
	GlobalSection(SolutionProperties) = preSolution
		HideSolutionNode = FALSE
	EndGlobalSection
	GlobalSection(ExtensibilityGlobals) = postSolution
		SolutionGuid = {F3101868-5A14-412A-860D-5C87FFAD53C3}
	EndGlobalSection
EndGlobal
